
Microsoft Visual Studio Solution File, Format Version 12.00
# Visual Studio Version 17
VisualStudioVersion = 17.3.32901.215
MinimumVisualStudioVersion = 10.0.40219.1
Project("{9A19103F-16F7-4668-BE54-9A1E7A4F7556}") = "Joysola.DeepZoom", "Joysola.DeepZoom\Joysola.DeepZoom.csproj", "{04DEC79C-E76A-451D-BD20-540782B216AA}"
EndProject
Project("{9A19103F-16F7-4668-BE54-9A1E7A4F7556}") = "DeepZoom", "DeepZoom\DeepZoom.csproj", "{3B68BEDB-6A68-463C-A9FB-DD2892B58507}"
EndProject
Project("{9A19103F-16F7-4668-BE54-9A1E7A4F7556}") = "DeepZoom.Marks", "DeepZoom.Marks\DeepZoom.Marks.csproj", "{457ACFE6-B4C2-49B8-912E-4EFA446C4F4B}"
EndProject
Project("{FAE04EC0-301F-11D3-BF4B-00C04F79EFBC}") = "WPF.DeepZoom.Test", "WPF.DeepZoom.Test\WPF.DeepZoom.Test.csproj", "{FF2122FE-3449-4FF8-BC18-B85E481A8B13}"
EndProject
Global
	GlobalSection(SolutionConfigurationPlatforms) = preSolution
		Debug|Any CPU = Debug|Any CPU
		Release|Any CPU = Release|Any CPU
	EndGlobalSection
	GlobalSection(ProjectConfigurationPlatforms) = postSolution
		{04DEC79C-E76A-451D-BD20-540782B216AA}.Debug|Any CPU.ActiveCfg = Debug|Any CPU
		{04DEC79C-E76A-451D-BD20-540782B216AA}.Debug|Any CPU.Build.0 = Debug|Any CPU
		{04DEC79C-E76A-451D-BD20-540782B216AA}.Release|Any CPU.ActiveCfg = Release|Any CPU
		{04DEC79C-E76A-451D-BD20-540782B216AA}.Release|Any CPU.Build.0 = Release|Any CPU
		{3B68BEDB-6A68-463C-A9FB-DD2892B58507}.Debug|Any CPU.ActiveCfg = Debug|Any CPU
		{3B68BEDB-6A68-463C-A9FB-DD2892B58507}.Debug|Any CPU.Build.0 = Debug|Any CPU
		{3B68BEDB-6A68-463C-A9FB-DD2892B58507}.Release|Any CPU.ActiveCfg = Release|Any CPU
		{3B68BEDB-6A68-463C-A9FB-DD2892B58507}.Release|Any CPU.Build.0 = Release|Any CPU
		{457ACFE6-B4C2-49B8-912E-4EFA446C4F4B}.Debug|Any CPU.ActiveCfg = Debug|Any CPU
		{457ACFE6-B4C2-49B8-912E-4EFA446C4F4B}.Debug|Any CPU.Build.0 = Debug|Any CPU
		{457ACFE6-B4C2-49B8-912E-4EFA446C4F4B}.Release|Any CPU.ActiveCfg = Release|Any CPU
		{457ACFE6-B4C2-49B8-912E-4EFA446C4F4B}.Release|Any CPU.Build.0 = Release|Any CPU
		{FF2122FE-3449-4FF8-BC18-B85E481A8B13}.Debug|Any CPU.ActiveCfg = Debug|Any CPU
		{FF2122FE-3449-4FF8-BC18-B85E481A8B13}.Debug|Any CPU.Build.0 = Debug|Any CPU
		{FF2122FE-3449-4FF8-BC18-B85E481A8B13}.Release|Any CPU.ActiveCfg = Release|Any CPU
		{FF2122FE-3449-4FF8-BC18-B85E481A8B13}.Release|Any CPU.Build.0 = Release|Any CPU
	EndGlobalSection
	GlobalSection(SolutionProperties) = preSolution
		HideSolutionNode = FALSE
	EndGlobalSection
	GlobalSection(ExtensibilityGlobals) = postSolution
		SolutionGuid = {88BFC54E-E3A8-4B09-8B86-52E3AC7576C8}
	EndGlobalSection
EndGlobal
